
Microsoft Visual Studio Solution File, Format Version 12.00
# Visual Studio Version 16
VisualStudioVersion = 16.0.30320.27
MinimumVisualStudioVersion = 10.0.40219.1
Project("{FAE04EC0-301F-11D3-BF4B-00C04F79EFBC}") = "MyDayApp.UWP", "MyDayApp\MyDayApp.UWP\MyDayApp.UWP.csproj", "{4327A25E-F381-4624-806C-26A815E72194}"
EndProject
Project("{FAE04EC0-301F-11D3-BF4B-00C04F79EFBC}") = "MyDayApp.Android", "MyDayApp\MyDayApp.Android\MyDayApp.Android.csproj", "{3D896A4C-8031-460B-9776-5F58B8E89BC7}"
EndProject
Project("{FAE04EC0-301F-11D3-BF4B-00C04F79EFBC}") = "MyDayApp.iOS", "MyDayApp\MyDayApp.iOS\MyDayApp.iOS.csproj", "{9D1A7FBF-387D-4368-B904-53359F9B42D4}"
EndProject
Project("{FAE04EC0-301F-11D3-BF4B-00C04F79EFBC}") = "MyDayApp", "MyDayApp\MyDayApp\MyDayApp.csproj", "{89F93363-B9B8-4251-8C34-49787BA36D43}"
EndProject
Global
	GlobalSection(SolutionConfigurationPlatforms) = preSolution
		Debug|Any CPU = Debug|Any CPU
		Debug|ARM = Debug|ARM
		Debug|iPhone = Debug|iPhone
		Debug|iPhoneSimulator = Debug|iPhoneSimulator
		Debug|x64 = Debug|x64
		Debug|x86 = Debug|x86
		Release|Any CPU = Release|Any CPU
		Release|ARM = Release|ARM
		Release|iPhone = Release|iPhone
		Release|iPhoneSimulator = Release|iPhoneSimulator
		Release|x64 = Release|x64
		Release|x86 = Release|x86
	EndGlobalSection
	GlobalSection(ProjectConfigurationPlatforms) = postSolution
		{4327A25E-F381-4624-806C-26A815E72194}.Debug|Any CPU.ActiveCfg = Debug|x86
		{4327A25E-F381-4624-806C-26A815E72194}.Debug|Any CPU.Build.0 = Debug|x86
		{4327A25E-F381-4624-806C-26A815E72194}.Debug|Any CPU.Deploy.0 = Debug|x86
		{4327A25E-F381-4624-806C-26A815E72194}.Debug|ARM.ActiveCfg = Debug|ARM
		{4327A25E-F381-4624-806C-26A815E72194}.Debug|ARM.Build.0 = Debug|ARM
		{4327A25E-F381-4624-806C-26A815E72194}.Debug|ARM.Deploy.0 = Debug|ARM
		{4327A25E-F381-4624-806C-26A815E72194}.Debug|iPhone.ActiveCfg = Debug|x86
		{4327A25E-F381-4624-806C-26A815E72194}.Debug|iPhone.Build.0 = Debug|x86
		{4327A25E-F381-4624-806C-26A815E72194}.Debug|iPhone.Deploy.0 = Debug|x86
		{4327A25E-F381-4624-806C-26A815E72194}.Debug|iPhoneSimulator.ActiveCfg = Debug|x86
		{4327A25E-F381-4624-806C-26A815E72194}.Debug|iPhoneSimulator.Build.0 = Debug|x86
		{4327A25E-F381-4624-806C-26A815E72194}.Debug|iPhoneSimulator.Deploy.0 = Debug|x86
		{4327A25E-F381-4624-806C-26A815E72194}.Debug|x64.ActiveCfg = Debug|x64
		{4327A25E-F381-4624-806C-26A815E72194}.Debug|x64.Build.0 = Debug|x64
		{4327A25E-F381-4624-806C-26A815E72194}.Debug|x64.Deploy.0 = Debug|x64
		{4327A25E-F381-4624-806C-26A815E72194}.Debug|x86.ActiveCfg = Debug|x86
		{4327A25E-F381-4624-806C-26A815E72194}.Debug|x86.Build.0 = Debug|x86
		{4327A25E-F381-4624-806C-26A815E72194}.Debug|x86.Deploy.0 = Debug|x86
		{4327A25E-F381-4624-806C-26A815E72194}.Release|Any CPU.ActiveCfg = Release|x86
		{4327A25E-F381-4624-806C-26A815E72194}.Release|Any CPU.Build.0 = Release|x86
		{4327A25E-F381-4624-806C-26A815E72194}.Release|Any CPU.Deploy.0 = Release|x86
		{4327A25E-F381-4624-806C-26A815E72194}.Release|ARM.ActiveCfg = Release|ARM
		{4327A25E-F381-4624-806C-26A815E72194}.Release|ARM.Build.0 = Release|ARM
		{4327A25E-F381-4624-806C-26A815E72194}.Release|ARM.Deploy.0 = Release|ARM
		{4327A25E-F381-4624-806C-26A815E72194}.Release|iPhone.ActiveCfg = Release|x86
		{4327A25E-F381-4624-806C-26A815E72194}.Release|iPhone.Build.0 = Release|x86
		{4327A25E-F381-4624-806C-26A815E72194}.Release|iPhone.Deploy.0 = Release|x86
		{4327A25E-F381-4624-806C-26A815E72194}.Release|iPhoneSimulator.ActiveCfg = Release|x86
		{4327A25E-F381-4624-806C-26A815E72194}.Release|iPhoneSimulator.Build.0 = Release|x86
		{4327A25E-F381-4624-806C-26A815E72194}.Release|iPhoneSimulator.Deploy.0 = Release|x86
		{4327A25E-F381-4624-806C-26A815E72194}.Release|x64.ActiveCfg = Release|x64
		{4327A25E-F381-4624-806C-26A815E72194}.Release|x64.Build.0 = Release|x64
		{4327A25E-F381-4624-806C-26A815E72194}.Release|x64.Deploy.0 = Release|x64
		{4327A25E-F381-4624-806C-26A815E72194}.Release|x86.ActiveCfg = Release|x86
		{4327A25E-F381-4624-806C-26A815E72194}.Release|x86.Build.0 = Release|x86
		{4327A25E-F381-4624-806C-26A815E72194}.Release|x86.Deploy.0 = Release|x86
		{3D896A4C-8031-460B-9776-5F58B8E89BC7}.Debug|Any CPU.ActiveCfg = Debug|Any CPU
		{3D896A4C-8031-460B-9776-5F58B8E89BC7}.Debug|Any CPU.Build.0 = Debug|Any CPU
		{3D896A4C-8031-460B-9776-5F58B8E89BC7}.Debug|Any CPU.Deploy.0 = Debug|Any CPU
		{3D896A4C-8031-460B-9776-5F58B8E89BC7}.Debug|ARM.ActiveCfg = Debug|Any CPU
		{3D896A4C-8031-460B-9776-5F58B8E89BC7}.Debug|ARM.Build.0 = Debug|Any CPU
		{3D896A4C-8031-460B-9776-5F58B8E89BC7}.Debug|ARM.Deploy.0 = Debug|Any CPU
		{3D896A4C-8031-460B-9776-5F58B8E89BC7}.Debug|iPhone.ActiveCfg = Debug|Any CPU
		{3D896A4C-8031-460B-9776-5F58B8E89BC7}.Debug|iPhone.Build.0 = Debug|Any CPU
		{3D896A4C-8031-460B-9776-5F58B8E89BC7}.Debug|iPhone.Deploy.0 = Debug|Any CPU
		{3D896A4C-8031-460B-9776-5F58B8E89BC7}.Debug|iPhoneSimulator.ActiveCfg = Debug|Any CPU
		{3D896A4C-8031-460B-9776-5F58B8E89BC7}.Debug|iPhoneSimulator.Build.0 = Debug|Any CPU
		{3D896A4C-8031-460B-9776-5F58B8E89BC7}.Debug|iPhoneSimulator.Deploy.0 = Debug|Any CPU
		{3D896A4C-8031-460B-9776-5F58B8E89BC7}.Debug|x64.ActiveCfg = Debug|Any CPU
		{3D896A4C-8031-460B-9776-5F58B8E89BC7}.Debug|x64.Build.0 = Debug|Any CPU
		{3D896A4C-8031-460B-9776-5F58B8E89BC7}.Debug|x64.Deploy.0 = Debug|Any CPU
		{3D896A4C-8031-460B-9776-5F58B8E89BC7}.Debug|x86.ActiveCfg = Debug|Any CPU
		{3D896A4C-8031-460B-9776-5F58B8E89BC7}.Debug|x86.Build.0 = Debug|Any CPU
		{3D896A4C-8031-460B-9776-5F58B8E89BC7}.Debug|x86.Deploy.0 = Debug|Any CPU
		{3D896A4C-8031-460B-9776-5F58B8E89BC7}.Release|Any CPU.ActiveCfg = Release|Any CPU
		{3D896A4C-8031-460B-9776-5F58B8E89BC7}.Release|Any CPU.Build.0 = Release|Any CPU
		{3D896A4C-8031-460B-9776-5F58B8E89BC7}.Release|Any CPU.Deploy.0 = Release|Any CPU
		{3D896A4C-8031-460B-9776-5F58B8E89BC7}.Release|ARM.ActiveCfg = Release|Any CPU
		{3D896A4C-8031-460B-9776-5F58B8E89BC7}.Release|ARM.Build.0 = Release|Any CPU
		{3D896A4C-8031-460B-9776-5F58B8E89BC7}.Release|ARM.Deploy.0 = Release|Any CPU
		{3D896A4C-8031-460B-9776-5F58B8E89BC7}.Release|iPhone.ActiveCfg = Release|Any CPU
		{3D896A4C-8031-460B-9776-5F58B8E89BC7}.Release|iPhone.Build.0 = Release|Any CPU
		{3D896A4C-8031-460B-9776-5F58B8E89BC7}.Release|iPhone.Deploy.0 = Release|Any CPU
		{3D896A4C-8031-460B-9776-5F58B8E89BC7}.Release|iPhoneSimulator.ActiveCfg = Release|Any CPU
		{3D896A4C-8031-460B-9776-5F58B8E89BC7}.Release|iPhoneSimulator.Build.0 = Release|Any CPU
		{3D896A4C-8031-460B-9776-5F58B8E89BC7}.Release|iPhoneSimulator.Deploy.0 = Release|Any CPU
		{3D896A4C-8031-460B-9776-5F58B8E89BC7}.Release|x64.ActiveCfg = Release|Any CPU
		{3D896A4C-8031-460B-9776-5F58B8E89BC7}.Release|x64.Build.0 = Release|Any CPU
		{3D896A4C-8031-460B-9776-5F58B8E89BC7}.Release|x64.Deploy.0 = Release|Any CPU
		{3D896A4C-8031-460B-9776-5F58B8E89BC7}.Release|x86.ActiveCfg = Release|Any CPU
		{3D896A4C-8031-460B-9776-5F58B8E89BC7}.Release|x86.Build.0 = Release|Any CPU
		{3D896A4C-8031-460B-9776-5F58B8E89BC7}.Release|x86.Deploy.0 = Release|Any CPU
		{9D1A7FBF-387D-4368-B904-53359F9B42D4}.Debug|Any CPU.ActiveCfg = Debug|iPhone
		{9D1A7FBF-387D-4368-B904-53359F9B42D4}.Debug|Any CPU.Build.0 = Debug|iPhone
		{9D1A7FBF-387D-4368-B904-53359F9B42D4}.Debug|Any CPU.Deploy.0 = Debug|iPhone
		{9D1A7FBF-387D-4368-B904-53359F9B42D4}.Debug|ARM.ActiveCfg = Debug|iPhone
		{9D1A7FBF-387D-4368-B904-53359F9B42D4}.Debug|ARM.Build.0 = Debug|iPhone
		{9D1A7FBF-387D-4368-B904-53359F9B42D4}.Debug|ARM.Deploy.0 = Debug|iPhone
		{9D1A7FBF-387D-4368-B904-53359F9B42D4}.Debug|iPhone.ActiveCfg = Debug|iPhone
		{9D1A7FBF-387D-4368-B904-53359F9B42D4}.Debug|iPhone.Build.0 = Debug|iPhone
		{9D1A7FBF-387D-4368-B904-53359F9B42D4}.Debug|iPhone.Deploy.0 = Debug|iPhone
		{9D1A7FBF-387D-4368-B904-53359F9B42D4}.Debug|iPhoneSimulator.ActiveCfg = Debug|iPhoneSimulator
		{9D1A7FBF-387D-4368-B904-53359F9B42D4}.Debug|iPhoneSimulator.Build.0 = Debug|iPhoneSimulator
		{9D1A7FBF-387D-4368-B904-53359F9B42D4}.Debug|iPhoneSimulator.Deploy.0 = Debug|iPhoneSimulator
		{9D1A7FBF-387D-4368-B904-53359F9B42D4}.Debug|x64.ActiveCfg = Debug|iPhone
		{9D1A7FBF-387D-4368-B904-53359F9B42D4}.Debug|x64.Build.0 = Debug|iPhone
		{9D1A7FBF-387D-4368-B904-53359F9B42D4}.Debug|x64.Deploy.0 = Debug|iPhone
		{9D1A7FBF-387D-4368-B904-53359F9B42D4}.Debug|x86.ActiveCfg = Debug|iPhone
		{9D1A7FBF-387D-4368-B904-53359F9B42D4}.Debug|x86.Build.0 = Debug|iPhone
		{9D1A7FBF-387D-4368-B904-53359F9B42D4}.Debug|x86.Deploy.0 = Debug|iPhone
		{9D1A7FBF-387D-4368-B904-53359F9B42D4}.Release|Any CPU.ActiveCfg = Release|iPhone
		{9D1A7FBF-387D-4368-B904-53359F9B42D4}.Release|Any CPU.Build.0 = Release|iPhone
		{9D1A7FBF-387D-4368-B904-53359F9B42D4}.Release|Any CPU.Deploy.0 = Release|iPhone
		{9D1A7FBF-387D-4368-B904-53359F9B42D4}.Release|ARM.ActiveCfg = Release|iPhone
		{9D1A7FBF-387D-4368-B904-53359F9B42D4}.Release|ARM.Build.0 = Release|iPhone
		{9D1A7FBF-387D-4368-B904-53359F9B42D4}.Release|ARM.Deploy.0 = Release|iPhone
		{9D1A7FBF-387D-4368-B904-53359F9B42D4}.Release|iPhone.ActiveCfg = Release|iPhone
		{9D1A7FBF-387D-4368-B904-53359F9B42D4}.Release|iPhone.Build.0 = Release|iPhone
		{9D1A7FBF-387D-4368-B904-53359F9B42D4}.Release|iPhone.Deploy.0 = Release|iPhone
		{9D1A7FBF-387D-4368-B904-53359F9B42D4}.Release|iPhoneSimulator.ActiveCfg = Release|iPhoneSimulator
		{9D1A7FBF-387D-4368-B904-53359F9B42D4}.Release|iPhoneSimulator.Build.0 = Release|iPhoneSimulator
		{9D1A7FBF-387D-4368-B904-53359F9B42D4}.Release|iPhoneSimulator.Deploy.0 = Release|iPhoneSimulator
		{9D1A7FBF-387D-4368-B904-53359F9B42D4}.Release|x64.ActiveCfg = Release|iPhone
		{9D1A7FBF-387D-4368-B904-53359F9B42D4}.Release|x64.Build.0 = Release|iPhone
		{9D1A7FBF-387D-4368-B904-53359F9B42D4}.Release|x64.Deploy.0 = Release|iPhone
		{9D1A7FBF-387D-4368-B904-53359F9B42D4}.Release|x86.ActiveCfg = Release|iPhone
		{9D1A7FBF-387D-4368-B904-53359F9B42D4}.Release|x86.Build.0 = Release|iPhone
		{9D1A7FBF-387D-4368-B904-53359F9B42D4}.Release|x86.Deploy.0 = Release|iPhone
		{89F93363-B9B8-4251-8C34-49787BA36D43}.Debug|Any CPU.ActiveCfg = Debug|Any CPU
		{89F93363-B9B8-4251-8C34-49787BA36D43}.Debug|Any CPU.Build.0 = Debug|Any CPU
		{89F93363-B9B8-4251-8C34-49787BA36D43}.Debug|Any CPU.Deploy.0 = Debug|Any CPU
		{89F93363-B9B8-4251-8C34-49787BA36D43}.Debug|ARM.ActiveCfg = Debug|Any CPU
		{89F93363-B9B8-4251-8C34-49787BA36D43}.Debug|ARM.Build.0 = Debug|Any CPU
		{89F93363-B9B8-4251-8C34-49787BA36D43}.Debug|ARM.Deploy.0 = Debug|Any CPU
		{89F93363-B9B8-4251-8C34-49787BA36D43}.Debug|iPhone.ActiveCfg = Debug|Any CPU
		{89F93363-B9B8-4251-8C34-49787BA36D43}.Debug|iPhone.Build.0 = Debug|Any CPU
		{89F93363-B9B8-4251-8C34-49787BA36D43}.Debug|iPhone.Deploy.0 = Debug|Any CPU
		{89F93363-B9B8-4251-8C34-49787BA36D43}.Debug|iPhoneSimulator.ActiveCfg = Debug|Any CPU
		{89F93363-B9B8-4251-8C34-49787BA36D43}.Debug|iPhoneSimulator.Build.0 = Debug|Any CPU
		{89F93363-B9B8-4251-8C34-49787BA36D43}.Debug|iPhoneSimulator.Deploy.0 = Debug|Any CPU
		{89F93363-B9B8-4251-8C34-49787BA36D43}.Debug|x64.ActiveCfg = Debug|Any CPU
		{89F93363-B9B8-4251-8C34-49787BA36D43}.Debug|x64.Build.0 = Debug|Any CPU
		{89F93363-B9B8-4251-8C34-49787BA36D43}.Debug|x64.Deploy.0 = Debug|Any CPU
		{89F93363-B9B8-4251-8C34-49787BA36D43}.Debug|x86.ActiveCfg = Debug|Any CPU
		{89F93363-B9B8-4251-8C34-49787BA36D43}.Debug|x86.Build.0 = Debug|Any CPU
		{89F93363-B9B8-4251-8C34-49787BA36D43}.Debug|x86.Deploy.0 = Debug|Any CPU
		{89F93363-B9B8-4251-8C34-49787BA36D43}.Release|Any CPU.ActiveCfg = Release|Any CPU
		{89F93363-B9B8-4251-8C34-49787BA36D43}.Release|Any CPU.Build.0 = Release|Any CPU
		{89F93363-B9B8-4251-8C34-49787BA36D43}.Release|Any CPU.Deploy.0 = Release|Any CPU
		{89F93363-B9B8-4251-8C34-49787BA36D43}.Release|ARM.ActiveCfg = Release|Any CPU
		{89F93363-B9B8-4251-8C34-49787BA36D43}.Release|ARM.Build.0 = Release|Any CPU
		{89F93363-B9B8-4251-8C34-49787BA36D43}.Release|ARM.Deploy.0 = Release|Any CPU
		{89F93363-B9B8-4251-8C34-49787BA36D43}.Release|iPhone.ActiveCfg = Release|Any CPU
		{89F93363-B9B8-4251-8C34-49787BA36D43}.Release|iPhone.Build.0 = Release|Any CPU
		{89F93363-B9B8-4251-8C34-49787BA36D43}.Release|iPhone.Deploy.0 = Release|Any CPU
		{89F93363-B9B8-4251-8C34-49787BA36D43}.Release|iPhoneSimulator.ActiveCfg = Release|Any CPU
		{89F93363-B9B8-4251-8C34-49787BA36D43}.Release|iPhoneSimulator.Build.0 = Release|Any CPU
		{89F93363-B9B8-4251-8C34-49787BA36D43}.Release|iPhoneSimulator.Deploy.0 = Release|Any CPU
		{89F93363-B9B8-4251-8C34-49787BA36D43}.Release|x64.ActiveCfg = Release|Any CPU
		{89F93363-B9B8-4251-8C34-49787BA36D43}.Release|x64.Build.0 = Release|Any CPU
		{89F93363-B9B8-4251-8C34-49787BA36D43}.Release|x64.Deploy.0 = Release|Any CPU
		{89F93363-B9B8-4251-8C34-49787BA36D43}.Release|x86.ActiveCfg = Release|Any CPU
		{89F93363-B9B8-4251-8C34-49787BA36D43}.Release|x86.Build.0 = Release|Any CPU
		{89F93363-B9B8-4251-8C34-49787BA36D43}.Release|x86.Deploy.0 = Release|Any CPU
	EndGlobalSection
	GlobalSection(SolutionProperties) = preSolution
		HideSolutionNode = FALSE
	EndGlobalSection
	GlobalSection(ExtensibilityGlobals) = postSolution
		SolutionGuid = {63246D4F-A523-484A-A5CA-3EE5955D610C}
	EndGlobalSection
EndGlobal
